{
  "version": "5",
  "redirects": {
    "https://esm.sh/@supabase/node-fetch@^2.6.13?target=denonext": "https://esm.sh/@supabase/node-fetch@2.6.15?target=denonext",
    "https://esm.sh/@supabase/node-fetch@^2.6.14?target=denonext": "https://esm.sh/@supabase/node-fetch@2.6.15?target=denonext",
    "https://esm.sh/@supabase/supabase-js@2": "https://esm.sh/@supabase/supabase-js@2.50.1",
    "https://esm.sh/isows@^1.0.7?target=denonext": "https://esm.sh/isows@1.0.7?target=denonext",
    "https://esm.sh/tr46@~0.0.3?target=denonext": "https://esm.sh/tr46@0.0.3?target=denonext",
    "https://esm.sh/webidl-conversions@^3.0.0?target=denonext": "https://esm.sh/webidl-conversions@3.0.1?target=denonext",
    "https://esm.sh/whatwg-url@^5.0.0?target=denonext": "https://esm.sh/whatwg-url@5.0.0?target=denonext"
  },
  "remote": {
    "https://deno.land/std@0.224.0/assert/assert.ts": "09d30564c09de846855b7b071e62b5974b001bb72a4b797958fe0660e7849834",
    "https://deno.land/std@0.224.0/assert/assertion_error.ts": "ba8752bd27ebc51f723702fac2f54d3e94447598f54264a6653d6413738a8917",
    "https://deno.land/std@0.224.0/csv/_io.ts": "568718b7eb4cf3ba140b0690a00ef5a8416ceae9a4116f386114c83717bd8a9e",
    "https://deno.land/std@0.224.0/csv/csv_parse_stream.ts": "f06696ed1fbda5cb75426dff735b9cc91227eb0fa5367591b98bf88b99ae3048",
    "https://deno.land/std@0.224.0/csv/csv_stringify_stream.ts": "b564e43b884eb9ab8e1efee8c30a0868a1a9328a33c32a7dd436dc26f63954ac",
    "https://deno.land/std@0.224.0/csv/mod.ts": "289ecf79b3609f63dfc1d39a7c791f8f14b73b29fb65bbb6b3e3e2bd0cddc75d",
    "https://deno.land/std@0.224.0/csv/parse.ts": "e2d5e82e19b71a968f5fcd3b76b438ee6f646fe8e948c4c2d3b00ad9cd0a659a",
    "https://deno.land/std@0.224.0/csv/stringify.ts": "9e0badcbc32fc63ee089d2dfbc5721650d5766ef0a554f07243ab8f03f7c3127",
    "https://deno.land/std@0.224.0/streams/_common.ts": "948735ef6d140cd6916dca861197b88fc57db52c2f923c392b7a14033d8fed4b",
    "https://deno.land/std@0.224.0/streams/text_delimiter_stream.ts": "94dfc900204e306496c1b58c80473db57b6097afdcb8ea9eaff453a193a659f1",
    "https://deno.land/x/dotenv@v3.2.2/load.ts": "cbd76a0aee01aad8d09222afaa1dd04b84d9d3e44637503b01bf77a91df9e041",
    "https://deno.land/x/dotenv@v3.2.2/mod.ts": "077b48773de9205266a0b44c3c3a3c3083449ed64bb0b6cc461b95720678d38e",
    "https://deno.land/x/dotenv@v3.2.2/util.ts": "693730877b13f8ead2b79b2aa31e2a0652862f7dc0c5f6d2f313f4d39c7b7670",
    "https://esm.sh/@supabase/auth-js@2.70.0/denonext/auth-js.mjs": "51f137a91dc64489abf1a500582918ee5042e1e0b64c167f26a3b6d2f807f43c",
    "https://esm.sh/@supabase/functions-js@2.4.4/denonext/functions-js.mjs": "7adeb257410ef3c4a8a1eb9b4ff416c0075d1c32860ca04913c8a9dace1de6a6",
    "https://esm.sh/@supabase/node-fetch@2.6.15/denonext/node-fetch.mjs": "0bae9052231f4f6dbccc7234d05ea96923dbf967be12f402764580b6bf9f713d",
    "https://esm.sh/@supabase/node-fetch@2.6.15?target=denonext": "4d28c4ad97328403184353f68434f2b6973971507919e9150297413664919cf3",
    "https://esm.sh/@supabase/postgrest-js@1.19.4/denonext/postgrest-js.mjs": "2073b5552ba10c7a8302bffffae771e3aede1daf833382355dae239fb0ab2576",
    "https://esm.sh/@supabase/realtime-js@2.11.13/denonext/realtime-js.mjs": "ab7e355bd6b6a517cef6494a41b7fe551cb0e71feb65c00a2684452b42efa1a1",
    "https://esm.sh/@supabase/storage-js@2.7.1/denonext/storage-js.mjs": "73ac8cdc95cfcd794fe603dbd7ce06d539ab51538ae6467eabe0f9cc26c993aa",
    "https://esm.sh/@supabase/supabase-js@2.50.1": "a70981158af7be5a0bc13a50ebd7e47d9e30b1952d775ce4c0b05b4dd2cfd9bb",
    "https://esm.sh/@supabase/supabase-js@2.50.1/denonext/supabase-js.mjs": "6cbc9fb6515ced08dc612d6d78ada296b2884b6f585796f72d55a51c89a72e60",
    "https://esm.sh/isows@1.0.7/denonext/isows.mjs": "be1812ebbf28737b43588bbcbd89bf43345e3d58d32be13def331d12361045b4",
    "https://esm.sh/isows@1.0.7?target=denonext": "31b7306eada995ba18e29841d688a42bcc0166caf302e1b183b6d2a7c649f262",
    "https://esm.sh/tr46@0.0.3/denonext/tr46.mjs": "5753ec0a99414f4055f0c1f97691100f13d88e48a8443b00aebb90a512785fa2",
    "https://esm.sh/tr46@0.0.3?target=denonext": "19cb9be0f0d418a0c3abb81f2df31f080e9540a04e43b0f699bce1149cba0cbb",
    "https://esm.sh/webidl-conversions@3.0.1/denonext/webidl-conversions.mjs": "54b5c2d50a294853c4ccebf9d5ed8988c94f4e24e463d84ec859a866ea5fafec",
    "https://esm.sh/webidl-conversions@3.0.1?target=denonext": "4e20318d50528084616c79d7b3f6e7f0fe7b6d09013bd01b3974d7448d767e29",
    "https://esm.sh/whatwg-url@5.0.0/denonext/whatwg-url.mjs": "29b16d74ee72624c915745bbd25b617cfd2248c6af0f5120d131e232a9a9af79",
    "https://esm.sh/whatwg-url@5.0.0?target=denonext": "f001a2cadf81312d214ca330033f474e74d81a003e21e8c5d70a1f46dc97b02d"
  },
  "workspace": {
    "packageJson": {
      "dependencies": [
        "npm:@anthropic-ai/sdk@~0.17.1",
        "npm:@eslint/js@^9.9.1",
        "npm:@google-cloud/vision@^4.0.2",
        "npm:@google/generative-ai@~0.2.1",
        "npm:@hookform/resolvers@^3.3.4",
        "npm:@lhci/cli@0.13",
        "npm:@pinecone-database/pinecone@2",
        "npm:@playwright/test@^1.42.1",
        "npm:@sentry/react@^7.107.0",
        "npm:@sentry/tracing@^7.107.0",
        "npm:@stripe/stripe-js@^2.4.0",
        "npm:@supabase/auth-helpers-react@~0.4.2",
        "npm:@supabase/auth-ui-react@~0.4.7",
        "npm:@supabase/auth-ui-shared@~0.1.8",
        "npm:@supabase/supabase-js@^2.50.0",
        "npm:@tanstack/react-query@^5.24.1",
        "npm:@tensorflow/tfjs@^4.17.0",
        "npm:@testing-library/jest-dom@^6.4.2",
        "npm:@testing-library/react@^14.2.1",
        "npm:@types/node@^22.15.30",
        "npm:@types/react-dom@^18.3.0",
        "npm:@types/react@^18.3.5",
        "npm:@types/recharts@^2.0.1",
        "npm:@vitejs/plugin-react@^4.3.1",
        "npm:@vitest/coverage-v8@^1.3.1",
        "npm:autoprefixer@^10.4.18",
        "npm:clsx@^2.1.1",
        "npm:compromise@^14.12.0",
        "npm:date-fns@^3.3.1",
        "npm:eslint-plugin-react-hooks@^5.1.0-rc.0",
        "npm:eslint-plugin-react-refresh@~0.4.11",
        "npm:eslint@^9.9.1",
        "npm:framer-motion@^11.0.5",
        "npm:glob@^10.3.10",
        "npm:globals@^15.9.0",
        "npm:jotai@^2.6.4",
        "npm:jsdom@24",
        "npm:lighthouse@^11.3.0",
        "npm:lucide-react@0.344",
        "npm:markdown-it@14",
        "npm:natural@^6.10.5",
        "npm:node-llama-cpp@^2.8.8",
        "npm:ollama@~0.4.4",
        "npm:openai@^4.28.0",
        "npm:papaparse@^5.4.1",
        "npm:pdfkit@0.14",
        "npm:postcss@^8.4.35",
        "npm:posthog-js@^1.112.0",
        "npm:react-dom@^18.3.1",
        "npm:react-helmet-async@^2.0.4",
        "npm:react-hook-form@^7.51.0",
        "npm:react-markdown@^9.0.1",
        "npm:react-router-dom@^7.6.2",
        "npm:react@^18.3.1",
        "npm:reactflow@^11.10.4",
        "npm:recharts@^2.15.3",
        "npm:sonner@^1.4.0",
        "npm:supabase@^2.24.3",
        "npm:tailwind-merge@^2.6.0",
        "npm:tailwindcss@^3.4.1",
        "npm:tesseract.js@^5.0.5",
        "npm:tsx@^4.7.1",
        "npm:typescript-eslint@^8.3.0",
        "npm:typescript@^5.5.3",
        "npm:vite-plugin-pwa@~0.19.8",
        "npm:vite@^5.4.2",
        "npm:vitest@^1.3.1",
        "npm:web-vitals@^3.5.2",
        "npm:workbox-build@7",
        "npm:workbox-window@7",
        "npm:zod@^3.22.4"
      ]
    }
  }
}
